// !$*UTF8*$!
{
	archiveVersion = 1;
	classes = {
	};
	objectVersion = 50;
	objects = {

/* Begin PBXBuildFile section */
		28AF7B3F22429EBB0073C208 /* AppDelegate.swift in Sources */ = {isa = PBXBuildFile; fileRef = 28AF7B3E22429EBB0073C208 /* AppDelegate.swift */; };
		28AF7B4122429EBB0073C208 /* MasterViewController.swift in Sources */ = {isa = PBXBuildFile; fileRef = 28AF7B4022429EBB0073C208 /* MasterViewController.swift */; };
		28AF7B4322429EBB0073C208 /* DetailViewController.swift in Sources */ = {isa = PBXBuildFile; fileRef = 28AF7B4222429EBB0073C208 /* DetailViewController.swift */; };
		28AF7B4622429EBB0073C208 /* Main.storyboard in Resources */ = {isa = PBXBuildFile; fileRef = 28AF7B4422429EBB0073C208 /* Main.storyboard */; };
		28AF7B4822429EBB0073C208 /* Assets.xcassets in Resources */ = {isa = PBXBuildFile; fileRef = 28AF7B4722429EBB0073C208 /* Assets.xcassets */; };
		28AF7B4B22429EBB0073C208 /* LaunchScreen.storyboard in Resources */ = {isa = PBXBuildFile; fileRef = 28AF7B4922429EBB0073C208 /* LaunchScreen.storyboard */; };
		28AF7B5322429F760073C208 /* harrypotter2.plist in Resources */ = {isa = PBXBuildFile; fileRef = 28AF7B5222429F760073C208 /* harrypotter2.plist */; };
		28AF7B5522429F880073C208 /* Character.swift in Sources */ = {isa = PBXBuildFile; fileRef = 28AF7B5422429F880073C208 /* Character.swift */; };
/* End PBXBuildFile section */

/* Begin PBXFileReference section */
		28AF7B3B22429EBB0073C208 /* Lab3_ExtraCredit.app */ = {isa = PBXFileReference; explicitFileType = wrapper.application; includeInIndex = 0; path = Lab3_ExtraCredit.app; sourceTree = BUILT_PRODUCTS_DIR; };
		28AF7B3E22429EBB0073C208 /* AppDelegate.swift */ = {isa = PBXFileReference; lastKnownFileType = sourcecode.swift; path = AppDelegate.swift; sourceTree = "<group>"; };
		28AF7B4022429EBB0073C208 /* MasterViewController.swift */ = {isa = PBXFileReference; lastKnownFileType = sourcecode.swift; path = MasterViewController.swift; sourceTree = "<group>"; };
		28AF7B4222429EBB0073C208 /* DetailViewController.swift */ = {isa = PBXFileReference; lastKnownFileType = sourcecode.swift; path = DetailViewController.swift; sourceTree = "<group>"; };
		28AF7B4522429EBB0073C208 /* Base */ = {isa = PBXFileReference; lastKnownFileType = file.storyboard; name = Base; path = Base.lproj/Main.storyboard; sourceTree = "<group>"; };
		28AF7B4722429EBB0073C208 /* Assets.xcassets */ = {isa = PBXFileReference; lastKnownFileType = folder.assetcatalog; path = Assets.xcassets; sourceTree = "<group>"; };
		28AF7B4A22429EBB0073C208 /* Base */ = {isa = PBXFileReference; lastKnownFileType = file.storyboard; name = Base; path = Base.lproj/LaunchScreen.storyboard; sourceTree = "<group>"; };
		28AF7B4C22429EBB0073C208 /* Info.plist */ = {isa = PBXFileReference; lastKnownFileType = text.plist.xml; path = Info.plist; sourceTree = "<group>"; };
		28AF7B5222429F760073C208 /* harrypotter2.plist */ = {isa = PBXFileReference; fileEncoding = 4; lastKnownFileType = text.plist.xml; path = harrypotter2.plist; sourceTree = "<group>"; };
		28AF7B5422429F880073C208 /* Character.swift */ = {isa = PBXFileReference; lastKnownFileType = sourcecode.swift; path = Character.swift; sourceTree = "<group>"; };
/* End PBXFileReference section */

/* Begin PBXFrameworksBuildPhase section */
		28AF7B3822429EBB0073C208 /* Frameworks */ = {
			isa = PBXFrameworksBuildPhase;
			buildActionMask = 2147483647;
			files = (
			);
			runOnlyForDeploymentPostprocessing = 0;
		};
/* End PBXFrameworksBuildPhase section */

/* Begin PBXGroup section */
		28AF7B3222429EBB0073C208 = {
			isa = PBXGroup;
			children = (
				28AF7B3D22429EBB0073C208 /* Lab3_ExtraCredit */,
				28AF7B3C22429EBB0073C208 /* Products */,
			);
			sourceTree = "<group>";
		};
		28AF7B3C22429EBB0073C208 /* Products */ = {
			isa = PBXGroup;
			children = (
				28AF7B3B22429EBB0073C208 /* Lab3_ExtraCredit.app */,
			);
			name = Products;
			sourceTree = "<group>";
		};
		28AF7B3D22429EBB0073C208 /* Lab3_ExtraCredit */ = {
			isa = PBXGroup;
			children = (
				28AF7B3E22429EBB0073C208 /* AppDelegate.swift */,
				28AF7B4022429EBB0073C208 /* MasterViewController.swift */,
				28AF7B4222429EBB0073C208 /* DetailViewController.swift */,
				28AF7B4422429EBB0073C208 /* Main.storyboard */,
				28AF7B5422429F880073C208 /* Character.swift */,
				28AF7B4722429EBB0073C208 /* Assets.xcassets */,
				28AF7B4922429EBB0073C208 /* LaunchScreen.storyboard */,
				28AF7B4C22429EBB0073C208 /* Info.plist */,
				28AF7B5222429F760073C208 /* harrypotter2.plist */,
			);
			path = Lab3_ExtraCredit;
			sourceTree = "<group>";
		};
/* End PBXGroup section */

/* Begin PBXNativeTarget section */
		28AF7B3A22429EBB0073C208 /* Lab3_ExtraCredit */ = {
			isa = PBXNativeTarget;
			buildConfigurationList = 28AF7B4F22429EBB0073C208 /* Build configuration list for PBXNativeTarget "Lab3_ExtraCredit" */;
			buildPhases = (
				28AF7B3722429EBB0073C208 /* Sources */,
				28AF7B3822429EBB0073C208 /* Frameworks */,
				28AF7B3922429EBB0073C208 /* Resources */,
			);
			buildRules = (
			);
			dependencies = (
			);
			name = Lab3_ExtraCredit;
			productName = Lab3_ExtraCredit;
			productReference = 28AF7B3B22429EBB0073C208 /* Lab3_ExtraCredit.app */;
			productType = "com.apple.product-type.application";
		};
/* End PBXNativeTarget section */

/* Begin PBXProject section */
		28AF7B3322429EBB0073C208 /* Project object */ = {
			isa = PBXProject;
			attributes = {
				LastSwiftUpdateCheck = 1010;
				LastUpgradeCheck = 1010;
				ORGANIZATIONNAME = "Karan Motreja";
				TargetAttributes = {
					28AF7B3A22429EBB0073C208 = {
						CreatedOnToolsVersion = 10.1;
					};
				};
			};
			buildConfigurationList = 28AF7B3622429EBB0073C208 /* Build configuration list for PBXProject "Lab3_ExtraCredit" */;
			compatibilityVersion = "Xcode 9.3";
			developmentRegion = en;
			hasScannedForEncodings = 0;
			knownRegions = (
				en,
				Base,
			);
			mainGroup = 28AF7B3222429EBB0073C208;
			productRefGroup = 28AF7B3C22429EBB0073C208 /* Products */;
			projectDirPath = "";
			projectRoot = "";
			targets = (
				28AF7B3A22429EBB0073C208 /* Lab3_ExtraCredit */,
			);
		};
/* End PBXProject section */

/* Begin PBXResourcesBuildPhase section */
		28AF7B3922429EBB0073C208 /* Resources */ = {
			isa = PBXResourcesBuildPhase;
			buildActionMask = 2147483647;
			files = (
				28AF7B4B22429EBB0073C208 /* LaunchScreen.storyboard in Resources */,
				28AF7B4822429EBB0073C208 /* Assets.xcassets in Resources */,
				28AF7B5322429F760073C208 /* harrypotter2.plist in Resources */,
				28AF7B4622429EBB0073C208 /* Main.storyboard in Resources */,
			);
			runOnlyForDeploymentPostprocessing = 0;
		};
/* End PBXResourcesBuildPhase section */

/* Begin PBXSourcesBuildPhase section */
		28AF7B3722429EBB0073C208 /* Sources */ = {
			isa = PBXSourcesBuildPhase;
			buildActionMask = 2147483647;
			files = (
				28AF7B4322429EBB0073C208 /* DetailViewController.swift in Sources */,
				28AF7B4122429EBB0073C208 /* MasterViewController.swift in Sources */,
				28AF7B3F22429EBB0073C208 /* AppDelegate.swift in Sources */,
				28AF7B5522429F880073C208 /* Character.swift in Sources */,
			);
			runOnlyForDeploymentPostprocessing = 0;
		};
/* End PBXSourcesBuildPhase section */

/* Begin PBXVariantGroup section */
		28AF7B4422429EBB0073C208 /* Main.storyboard */ = {
			isa = PBXVariantGroup;
			children = (
				28AF7B4522429EBB0073C208 /* Base */,
			);
			name = Main.storyboard;
			sourceTree = "<group>";
		};
		28AF7B4922429EBB0073C208 /* LaunchScreen.storyboard */ = {
			isa = PBXVariantGroup;
			children = (
				28AF7B4A22429EBB0073C208 /* Base */,
			);
			name = LaunchScreen.storyboard;
			sourceTree = "<group>";
		};
/* End PBXVariantGroup section */

/* Begin XCBuildConfiguration section */
		28AF7B4D22429EBB0073C208 /* Debug */ = {
			isa = XCBuildConfiguration;
			buildSettings = {
				ALWAYS_SEARCH_USER_PATHS = NO;
				CLANG_ANALYZER_NONNULL = YES;
				CLANG_ANALYZER_NUMBER_OBJECT_CONVERSION = YES_AGGRESSIVE;
				CLANG_CXX_LANGUAGE_STANDARD = "gnu++14";
				CLANG_CXX_LIBRARY = "libc++";
				CLANG_ENABLE_MODULES = YES;
				CLANG_ENABLE_OBJC_ARC = YES;
				CLANG_ENABLE_OBJC_WEAK = YES;
				CLANG_WARN_BLOCK_CAPTURE_AUTORELEASING = YES;
				CLANG_WARN_BOOL_CONVERSION = YES;
				CLANG_WARN_COMMA = YES;
				CLANG_WARN_CONSTANT_CONVERSION = YES;
				CLANG_WARN_DEPRECATED_OBJC_IMPLEMENTATIONS = YES;
				CLANG_WARN_DIRECT_OBJC_ISA_USAGE = YES_ERROR;
				CLANG_WARN_DOCUMENTATION_COMMENTS = YES;
				CLANG_WARN_EMPTY_BODY = YES;
				CLANG_WARN_ENUM_CONVERSION = YES;
				CLANG_WARN_INFINITE_RECURSION = YES;
				CLANG_WARN_INT_CONVERSION = YES;
				CLANG_WARN_NON_LITERAL_NULL_CONVERSION = YES;
				CLANG_WARN_OBJC_IMPLICIT_RETAIN_SELF = YES;
				CLANG_WARN_OBJC_LITERAL_CONVERSION = YES;
				CLANG_WARN_OBJC_ROOT_CLASS = YES_ERROR;
				CLANG_WARN_RANGE_LOOP_ANALYSIS = YES;
				CLANG_WARN_STRICT_PROTOTYPES = YES;
				CLANG_WARN_SUSPICIOUS_MOVE = YES;
				CLANG_WARN_UNGUARDED_AVAILABILITY = YES_AGGRESSIVE;
				CLANG_WARN_UNREACHABLE_CODE = YES;
				CLANG_WARN__DUPLICATE_METHOD_MATCH = YES;
				CODE_SIGN_IDENTITY = "iPhone Developer";
				COPY_PHASE_STRIP = NO;
				DEBUG_INFORMATION_FORMAT = dwarf;
				ENABLE_STRICT_OBJC_MSGSEND = YES;
				ENABLE_TESTABILITY = YES;
				GCC_C_LANGUAGE_STANDARD = gnu11;
				GCC_DYNAMIC_NO_PIC = NO;
				GCC_NO_COMMON_BLOCKS = YES;
				GCC_OPTIMIZATION_LEVEL = 0;
				GCC_PREPROCESSOR_DEFINITIONS = (
					"DEBUG=1",
					"$(inherited)",
				);
				GCC_WARN_64_TO_32_BIT_CONVERSION = YES;
				GCC_WARN_ABOUT_RETURN_TYPE = YES_ERROR;
				GCC_WARN_UNDECLARED_SELECTOR = YES;
				GCC_WARN_UNINITIALIZED_AUTOS = YES_AGGRESSIVE;
				GCC_WARN_UNUSED_FUNCTION = YES;
				GCC_WARN_UNUSED_VARIABLE = YES;
				IPHONEOS_DEPLOYMENT_TARGET = 12.1;
				MTL_ENABLE_DEBUG_INFO = INCLUDE_SOURCE;
				MTL_FAST_MATH = YES;
				ONLY_ACTIVE_ARCH = YES;
				SDKROOT = iphoneos;
				SWIFT_ACTIVE_COMPILATION_CONDITIONS = DEBUG;
				SWIFT_OPTIMIZATION_LEVEL = "-Onone";
			};
			name = Debug;
		};
		28AF7B4E22429EBB0073C208 /* Release */ = {
			isa = XCBuildConfiguration;
			buildSettings = {
				ALWAYS_SEARCH_USER_PATHS = NO;
				CLANG_ANALYZER_NONNULL = YES;
				CLANG_ANALYZER_NUMBER_OBJECT_CONVERSION = YES_AGGRESSIVE;
				CLANG_CXX_LANGUAGE_STANDARD = "gnu++14";
				CLANG_CXX_LIBRARY = "libc++";
				CLANG_ENABLE_MODULES = YES;
				CLANG_ENABLE_OBJC_ARC = YES;
				CLANG_ENABLE_OBJC_WEAK = YES;
				CLANG_WARN_BLOCK_CAPTURE_AUTORELEASING = YES;
				CLANG_WARN_BOOL_CONVERSION = YES;
				CLANG_WARN_COMMA = YES;
				CLANG_WARN_CONSTANT_CONVERSION = YES;
				CLANG_WARN_DEPRECATED_OBJC_IMPLEMENTATIONS = YES;
				CLANG_WARN_DIRECT_OBJC_ISA_USAGE = YES_ERROR;
				CLANG_WARN_DOCUMENTATION_COMMENTS = YES;
				CLANG_WARN_EMPTY_BODY = YES;
				CLANG_WARN_ENUM_CONVERSION = YES;
				CLANG_WARN_INFINITE_RECURSION = YES;
				CLANG_WARN_INT_CONVERSION = YES;
				CLANG_WARN_NON_LITERAL_NULL_CONVERSION = YES;
				CLANG_WARN_OBJC_IMPLICIT_RETAIN_SELF = YES;
				CLANG_WARN_OBJC_LITERAL_CONVERSION = YES;
				CLANG_WARN_OBJC_ROOT_CLASS = YES_ERROR;
				CLANG_WARN_RANGE_LOOP_ANALYSIS = YES;
				CLANG_WARN_STRICT_PROTOTYPES = YES;
				CLANG_WARN_SUSPICIOUS_MOVE = YES;
				CLANG_WARN_UNGUARDED_AVAILABILITY = YES_AGGRESSIVE;
				CLANG_WARN_UNREACHABLE_CODE = YES;
				CLANG_WARN__DUPLICATE_METHOD_MATCH = YES;
				CODE_SIGN_IDENTITY = "iPhone Developer";
				COPY_PHASE_STRIP = NO;
				DEBUG_INFORMATION_FORMAT = "dwarf-with-dsym";
				ENABLE_NS_ASSERTIONS = NO;
				ENABLE_STRICT_OBJC_MSGSEND = YES;
				GCC_C_LANGUAGE_STANDARD = gnu11;
				GCC_NO_COMMON_BLOCKS = YES;
				GCC_WARN_64_TO_32_BIT_CONVERSION = YES;
				GCC_WARN_ABOUT_RETURN_TYPE = YES_ERROR;
				GCC_WARN_UNDECLARED_SELECTOR = YES;
				GCC_WARN_UNINITIALIZED_AUTOS = YES_AGGRESSIVE;
				GCC_WARN_UNUSED_FUNCTION = YES;
				GCC_WARN_UNUSED_VARIABLE = YES;
				IPHONEOS_DEPLOYMENT_TARGET = 12.1;
				MTL_ENABLE_DEBUG_INFO = NO;
				MTL_FAST_MATH = YES;
				SDKROOT = iphoneos;
				SWIFT_COMPILATION_MODE = wholemodule;
				SWIFT_OPTIMIZATION_LEVEL = "-O";
				VALIDATE_PRODUCT = YES;
			};
			name = Release;
		};
		28AF7B5022429EBB0073C208 /* Debug */ = {
			isa = XCBuildConfiguration;
			buildSettings = {
				ASSETCATALOG_COMPILER_APPICON_NAME = AppIcon;
				CODE_SIGN_STYLE = Automatic;
				DEVELOPMENT_TEAM = HAXC9S4UYP;
				INFOPLIST_FILE = Lab3_ExtraCredit/Info.plist;
				LD_RUNPATH_SEARCH_PATHS = (
					"$(inherited)",
					"@executable_path/Frameworks",
				);
				PRODUCT_BUNDLE_IDENTIFIER = "KHM.Lab3-ExtraCredit";
				PRODUCT_NAME = "$(TARGET_NAME)";
				SWIFT_VERSION = 4.2;
				TARGETED_DEVICE_FAMILY = "1,2";
			};
			name = Debug;
		};
		28AF7B5122429EBB0073C208 /* Release */ = {
			isa = XCBuildConfiguration;
			buildSettings = {
				ASSETCATALOG_COMPILER_APPICON_NAME = AppIcon;
				CODE_SIGN_STYLE = Automatic;
				DEVELOPMENT_TEAM = HAXC9S4UYP;
				INFOPLIST_FILE = Lab3_ExtraCredit/Info.plist;
				LD_RUNPATH_SEARCH_PATHS = (
					"$(inherited)",
					"@executable_path/Frameworks",
				);
				PRODUCT_BUNDLE_IDENTIFIER = "KHM.Lab3-ExtraCredit";
				PRODUCT_NAME = "$(TARGET_NAME)";
				SWIFT_VERSION = 4.2;
				TARGETED_DEVICE_FAMILY = "1,2";
			};
			name = Release;
		};
/* End XCBuildConfiguration section */

/* Begin XCConfigurationList section */
		28AF7B3622429EBB0073C208 /* Build configuration list for PBXProject "Lab3_ExtraCredit" */ = {
			isa = XCConfigurationList;
			buildConfigurations = (
				28AF7B4D22429EBB0073C208 /* Debug */,
				28AF7B4E22429EBB0073C208 /* Release */,
			);
			defaultConfigurationIsVisible = 0;
			defaultConfigurationName = Release;
		};
		28AF7B4F22429EBB0073C208 /* Build configuration list for PBXNativeTarget "Lab3_ExtraCredit" */ = {
			isa = XCConfigurationList;
			buildConfigurations = (
				28AF7B5022429EBB0073C208 /* Debug */,
				28AF7B5122429EBB0073C208 /* Release */,
			);
			defaultConfigurationIsVisible = 0;
			defaultConfigurationName = Release;
		};
/* End XCConfigurationList section */
	};
	rootObject = 28AF7B3322429EBB0073C208 /* Project object */;
}
